
Microsoft Visual Studio Solution File, Format Version 12.00
# Visual Studio Version 17
VisualStudioVersion = 17.5.33627.172
MinimumVisualStudioVersion = 10.0.40219.1
Project("{FAE04EC0-301F-11D3-BF4B-00C04F79EFBC}") = "VNet.System", "VNet.System\VNet.System.csproj", "{2F2E9750-4C3D-4B95-817C-E6773D62B58B}"
EndProject
Project("{FAE04EC0-301F-11D3-BF4B-00C04F79EFBC}") = "VNet.System.Tests", "VNet.System.Tests\VNet.System.Tests.csproj", "{9EDD8F25-E4A8-4934-9C77-31915C28F245}"
EndProject
Global
	GlobalSection(SolutionConfigurationPlatforms) = preSolution
		Debug|Any CPU = Debug|Any CPU
		Release|Any CPU = Release|Any CPU
	EndGlobalSection
	GlobalSection(ProjectConfigurationPlatforms) = postSolution
		{2F2E9750-4C3D-4B95-817C-E6773D62B58B}.Debug|Any CPU.ActiveCfg = Debug|Any CPU
		{2F2E9750-4C3D-4B95-817C-E6773D62B58B}.Debug|Any CPU.Build.0 = Debug|Any CPU
		{2F2E9750-4C3D-4B95-817C-E6773D62B58B}.Release|Any CPU.ActiveCfg = Release|Any CPU
		{2F2E9750-4C3D-4B95-817C-E6773D62B58B}.Release|Any CPU.Build.0 = Release|Any CPU
		{9EDD8F25-E4A8-4934-9C77-31915C28F245}.Debug|Any CPU.ActiveCfg = Debug|Any CPU
		{9EDD8F25-E4A8-4934-9C77-31915C28F245}.Debug|Any CPU.Build.0 = Debug|Any CPU
		{9EDD8F25-E4A8-4934-9C77-31915C28F245}.Release|Any CPU.ActiveCfg = Release|Any CPU
		{9EDD8F25-E4A8-4934-9C77-31915C28F245}.Release|Any CPU.Build.0 = Release|Any CPU
	EndGlobalSection
	GlobalSection(SolutionProperties) = preSolution
		HideSolutionNode = FALSE
	EndGlobalSection
	GlobalSection(ExtensibilityGlobals) = postSolution
		SolutionGuid = {EB16CCD4-50CC-416A-AD9A-D5AD9258956F}
	EndGlobalSection
EndGlobal
